// !$*UTF8*$!
{
	archiveVersion = 1;
	classes = {
	};
	objectVersion = 52;
	objects = {

/* Begin PBXBuildFile section */
		05F1D517B8D4CFF2873570E4 /* Pods_LifeSpace.framework in Frameworks */ = {isa = PBXBuildFile; fileRef = 5D04949952B57DD6248A4916 /* Pods_LifeSpace.framework */; };
		2742D7C42871EFE2008B7578 /* SurveyRules.swift in Sources */ = {isa = PBXBuildFile; fileRef = 2742D7C32871EFE2008B7578 /* SurveyRules.swift */; };
		27653A13272A2E7700D74E83 /* LocalTaskListItemView.swift in Sources */ = {isa = PBXBuildFile; fileRef = 27653A12272A2E7700D74E83 /* LocalTaskListItemView.swift */; };
		27684BD5287EEBD500140840 /* LaunchUIView.swift in Sources */ = {isa = PBXBuildFile; fileRef = 27684BD4287EEBD500140840 /* LaunchUIView.swift */; };
		2776F0E02888233A0060480C /* Extensions+String.swift in Sources */ = {isa = PBXBuildFile; fileRef = 2776F0DF2888233A0060480C /* Extensions+String.swift */; };
		277C39FE28A01C3500533405 /* PrivacyPolicyView.swift in Sources */ = {isa = PBXBuildFile; fileRef = 277C39FD28A01C3500533405 /* PrivacyPolicyView.swift */; };
		277C3A0628A0215700533405 /* LifeSpaceConsent.swift in Sources */ = {isa = PBXBuildFile; fileRef = 277C3A0528A0215700533405 /* LifeSpaceConsent.swift */; };
		277DC91928355FC100C12FB2 /* CKReviewConsentDocument.swift in Sources */ = {isa = PBXBuildFile; fileRef = 277DC91828355FC100C12FB2 /* CKReviewConsentDocument.swift */; };
		27A6A0222964D0CD00C5B5B9 /* OnboardingViewController+Coordinator.swift in Sources */ = {isa = PBXBuildFile; fileRef = 27A6A0212964D0CD00C5B5B9 /* OnboardingViewController+Coordinator.swift */; };
		27A6A0242964D2B500C5B5B9 /* LoginExistingUserViewController.swift in Sources */ = {isa = PBXBuildFile; fileRef = 27A6A0232964D2B500C5B5B9 /* LoginExistingUserViewController.swift */; };
		27A6A0262964D33500C5B5B9 /* OnboardingViewController.swift in Sources */ = {isa = PBXBuildFile; fileRef = 27A6A0252964D33500C5B5B9 /* OnboardingViewController.swift */; };
		27A6A0282964DB0E00C5B5B9 /* GoogleService-Info.plist in Resources */ = {isa = PBXBuildFile; fileRef = 27A6A0272964DB0E00C5B5B9 /* GoogleService-Info.plist */; };
		27B78918284CE8610006C02F /* LocalTaskItem.swift in Sources */ = {isa = PBXBuildFile; fileRef = 27B78917284CE8610006C02F /* LocalTaskItem.swift */; };
		27B7891A284CE86A0006C02F /* CloudTaskItem.swift in Sources */ = {isa = PBXBuildFile; fileRef = 27B78919284CE86A0006C02F /* CloudTaskItem.swift */; };
		27B7891C284CE89F0006C02F /* TasksUIView.swift in Sources */ = {isa = PBXBuildFile; fileRef = 27B7891B284CE89F0006C02F /* TasksUIView.swift */; };
		27B7891E284CE9260006C02F /* CloudTaskListItemView.swift in Sources */ = {isa = PBXBuildFile; fileRef = 27B7891D284CE9260006C02F /* CloudTaskListItemView.swift */; };
		27C789642872366500B84177 /* StudyID.swift in Sources */ = {isa = PBXBuildFile; fileRef = 27C789632872366500B84177 /* StudyID.swift */; };
		27C789662872377500B84177 /* studyIDs.csv in Resources */ = {isa = PBXBuildFile; fileRef = 27C789652872377500B84177 /* studyIDs.csv */; };
		27D1096F287DE9920094CFC4 /* LocationUtils.swift in Sources */ = {isa = PBXBuildFile; fileRef = 27D1096E287DE9920094CFC4 /* LocationUtils.swift */; };
		27FCB9652834A828009B02CD /* HomeView.swift in Sources */ = {isa = PBXBuildFile; fileRef = 27FCB9642834A828009B02CD /* HomeView.swift */; };
		2B19DD9226FE1BEB00649CE1 /* JsonToSurvey.swift in Sources */ = {isa = PBXBuildFile; fileRef = 2B19DD9126FE1BEB00649CE1 /* JsonToSurvey.swift */; };
		2BD5328326C2CC4E00C4636E /* CkResearchSurveysManager.swift in Sources */ = {isa = PBXBuildFile; fileRef = 2BD5328226C2CC4E00C4636E /* CkResearchSurveysManager.swift */; };
		2BF6451826C1D0040020C206 /* (null) in Sources */ = {isa = PBXBuildFile; };
		2BF6452026C1DBE70020C206 /* CK_ORKSerialization.swift in Sources */ = {isa = PBXBuildFile; fileRef = 2BF6451F26C1DBE70020C206 /* CK_ORKSerialization.swift */; };
		2F94C5F22536543600DF8866 /* SceneDelegate+CardinalKit.swift in Sources */ = {isa = PBXBuildFile; fileRef = 2F94C5F12536543600DF8866 /* SceneDelegate+CardinalKit.swift */; };
		4F02D979274871A200F203B5 /* LocationView.swift in Sources */ = {isa = PBXBuildFile; fileRef = 4F02D978274871A200F203B5 /* LocationView.swift */; };
		4F02D97B274871C300F203B5 /* LocationService.swift in Sources */ = {isa = PBXBuildFile; fileRef = 4F02D97A274871C300F203B5 /* LocationService.swift */; };
		4F02D97D274871C800F203B5 /* NotificationFetcher.swift in Sources */ = {isa = PBXBuildFile; fileRef = 4F02D97C274871C800F203B5 /* NotificationFetcher.swift */; };
		63A143DD280EDBA9001A54BC /* MapboxView.swift in Sources */ = {isa = PBXBuildFile; fileRef = 63A143DC280EDBA9001A54BC /* MapboxView.swift */; };
		63A143DF280F1AAD001A54BC /* DailySurveyStartButton.swift in Sources */ = {isa = PBXBuildFile; fileRef = 63A143DE280F1AAC001A54BC /* DailySurveyStartButton.swift */; };
		63A143E1280F579E001A54BC /* PermissionLocationUIView.swift in Sources */ = {isa = PBXBuildFile; fileRef = 63A143E0280F579E001A54BC /* PermissionLocationUIView.swift */; };
		63A82390280DAD49001D49A8 /* DailySurveyViewController.swift in Sources */ = {isa = PBXBuildFile; fileRef = 63A8238F280DAD49001D49A8 /* DailySurveyViewController.swift */; };
		63A82392280DAF2F001D49A8 /* MapQuestionStep.swift in Sources */ = {isa = PBXBuildFile; fileRef = 63A82391280DAF2F001D49A8 /* MapQuestionStep.swift */; };
		63A8239A280DD26E001D49A8 /* MapboxMap.swift in Sources */ = {isa = PBXBuildFile; fileRef = 63A82399280DD26E001D49A8 /* MapboxMap.swift */; };
		63A823A1280DFCBF001D49A8 /* JHMapDataManager.swift in Sources */ = {isa = PBXBuildFile; fileRef = 63A823A0280DFCBF001D49A8 /* JHMapDataManager.swift */; };
		8E0A43AC244A4A0400656518 /* CKStudyUser.swift in Sources */ = {isa = PBXBuildFile; fileRef = 8E0A4382244A4A0400656518 /* CKStudyUser.swift */; };
		8E0A43AD244A4A0400656518 /* Constants.swift in Sources */ = {isa = PBXBuildFile; fileRef = 8E0A4384244A4A0400656518 /* Constants.swift */; };
		8E0A43AE244A4A0400656518 /* ORKESerialization.m in Sources */ = {isa = PBXBuildFile; fileRef = 8E0A4386244A4A0400656518 /* ORKESerialization.m */; };
		8E0A43AF244A4A0400656518 /* Assets.xcassets in Resources */ = {isa = PBXBuildFile; fileRef = 8E0A4388244A4A0400656518 /* Assets.xcassets */; };
		8E0A43B0244A4A0400656518 /* LaunchScreen.storyboard in Resources */ = {isa = PBXBuildFile; fileRef = 8E0A4389244A4A0400656518 /* LaunchScreen.storyboard */; };
		8E0A43B3244A4A0400656518 /* TaskSamples.swift in Sources */ = {isa = PBXBuildFile; fileRef = 8E0A438F244A4A0400656518 /* TaskSamples.swift */; };
		8E0A43B9244A4A0400656518 /* AppDelegate.swift in Sources */ = {isa = PBXBuildFile; fileRef = 8E0A4396244A4A0400656518 /* AppDelegate.swift */; };
		8E0A43BE244A4A0400656518 /* CKHealthDataStepViewController.swift in Sources */ = {isa = PBXBuildFile; fileRef = 8E0A439D244A4A0400656518 /* CKHealthDataStepViewController.swift */; };
		8E0A43C2244A4A0400656518 /* ConsentDocument.swift in Sources */ = {isa = PBXBuildFile; fileRef = 8E0A43A2244A4A0400656518 /* ConsentDocument.swift */; };
		8E0A43D5244A693D00656518 /* HealthKit.framework in Frameworks */ = {isa = PBXBuildFile; fileRef = 8E0A43D4244A693D00656518 /* HealthKit.framework */; };
		8E40DC042471E5940027536B /* CKNetworkManager.swift in Sources */ = {isa = PBXBuildFile; fileRef = 8E40DC032471E5940027536B /* CKNetworkManager.swift */; };
		8E6E1E0D25351D8F0024B8DF /* PageViewController.swift in Sources */ = {isa = PBXBuildFile; fileRef = 8E6E1E0C25351D8F0024B8DF /* PageViewController.swift */; };
		8E6E1E1025351E890024B8DF /* Extensions+UIColor.swift in Sources */ = {isa = PBXBuildFile; fileRef = 8E6E1E0F25351E890024B8DF /* Extensions+UIColor.swift */; };
		8E6E1E1225351F830024B8DF /* DocumentPreviewViewController.swift in Sources */ = {isa = PBXBuildFile; fileRef = 8E6E1E1125351F830024B8DF /* DocumentPreviewViewController.swift */; };
		8E6E1E14253520440024B8DF /* PasscodeViewController.swift in Sources */ = {isa = PBXBuildFile; fileRef = 8E6E1E13253520440024B8DF /* PasscodeViewController.swift */; };
		8E6E1E16253524500024B8DF /* WithdrawalViewController.swift in Sources */ = {isa = PBXBuildFile; fileRef = 8E6E1E15253524500024B8DF /* WithdrawalViewController.swift */; };
		8E6E1E182535263F0024B8DF /* CKTaskViewController.swift in Sources */ = {isa = PBXBuildFile; fileRef = 8E6E1E172535263F0024B8DF /* CKTaskViewController.swift */; };
		8E6E1E1A253528450024B8DF /* WithdrawView.swift in Sources */ = {isa = PBXBuildFile; fileRef = 8E6E1E19253528450024B8DF /* WithdrawView.swift */; };
		8E6E1E1C253528D70024B8DF /* ReportView.swift in Sources */ = {isa = PBXBuildFile; fileRef = 8E6E1E1B253528D70024B8DF /* ReportView.swift */; };
		8E6E1E1E253528F50024B8DF /* SupportView.swift in Sources */ = {isa = PBXBuildFile; fileRef = 8E6E1E1D253528F50024B8DF /* SupportView.swift */; };
		8E6E1E20253529760024B8DF /* DocumentView.swift in Sources */ = {isa = PBXBuildFile; fileRef = 8E6E1E1F253529760024B8DF /* DocumentView.swift */; };
		8E6E1E2225352C780024B8DF /* OnboardingUIView.swift in Sources */ = {isa = PBXBuildFile; fileRef = 8E6E1E2125352C780024B8DF /* OnboardingUIView.swift */; };
		8E6E1E24253537580024B8DF /* MainUIView.swift in Sources */ = {isa = PBXBuildFile; fileRef = 8E6E1E23253537580024B8DF /* MainUIView.swift */; };
		8E6E1E2A2535398D0024B8DF /* HelpView.swift in Sources */ = {isa = PBXBuildFile; fileRef = 8E6E1E292535398D0024B8DF /* HelpView.swift */; };
		8E6E1E2C253539AE0024B8DF /* ChangePasscodeView.swift in Sources */ = {isa = PBXBuildFile; fileRef = 8E6E1E2B253539AE0024B8DF /* ChangePasscodeView.swift */; };
		8E6E1E2E25353A1E0024B8DF /* StudyIDView.swift in Sources */ = {isa = PBXBuildFile; fileRef = 8E6E1E2D25353A1E0024B8DF /* StudyIDView.swift */; };
		8E6E1E3225353ABE0024B8DF /* ProfileUIView.swift in Sources */ = {isa = PBXBuildFile; fileRef = 8E6E1E3125353ABE0024B8DF /* ProfileUIView.swift */; };
		8E6E1E3425353AFE0024B8DF /* EmailHelper.swift in Sources */ = {isa = PBXBuildFile; fileRef = 8E6E1E3325353AFE0024B8DF /* EmailHelper.swift */; };
		8E7FFFB425DCE9B7002982B4 /* CKUploadToGCPTaskViewControllerDelegate.swift in Sources */ = {isa = PBXBuildFile; fileRef = 8E7FFFB325DCE9B7002982B4 /* CKUploadToGCPTaskViewControllerDelegate.swift */; };
		8E9CDE932591534B00C8A228 /* CareKitFHIR in Frameworks */ = {isa = PBXBuildFile; productRef = 8E9CDE922591534B00C8A228 /* CareKitFHIR */; };
		8E9CDE952591534B00C8A228 /* CareKit in Frameworks */ = {isa = PBXBuildFile; productRef = 8E9CDE942591534B00C8A228 /* CareKit */; };
		8E9CDE972591534B00C8A228 /* CareKitUI in Frameworks */ = {isa = PBXBuildFile; productRef = 8E9CDE962591534B00C8A228 /* CareKitUI */; };
		8E9CDEAD259170AD00C8A228 /* CKCareKitManager.swift in Sources */ = {isa = PBXBuildFile; fileRef = 8E9CDEAC259170AD00C8A228 /* CKCareKitManager.swift */; };
		8E9CDEBA2591843200C8A228 /* CKConfig.swift in Sources */ = {isa = PBXBuildFile; fileRef = 8E9CDEB92591843200C8A228 /* CKConfig.swift */; };
		8E9CDED02591AC4A00C8A228 /* CKHealthKitManager.swift in Sources */ = {isa = PBXBuildFile; fileRef = 8E9CDECF2591AC4A00C8A228 /* CKHealthKitManager.swift */; };
		8E9CDF142591B73900C8A228 /* CKHealthRecordsManager.swift in Sources */ = {isa = PBXBuildFile; fileRef = 8E9CDF132591B73900C8A228 /* CKHealthRecordsManager.swift */; };
		8E9CDFAE2592B79900C8A228 /* Metrics.swift in Sources */ = {isa = PBXBuildFile; fileRef = 8E9CDFAD2592B79900C8A228 /* Metrics.swift */; };
		8EA6648725930B6B00B6A45A /* CKHealthRecordsStepViewController.swift in Sources */ = {isa = PBXBuildFile; fileRef = 8EA6648625930B6B00B6A45A /* CKHealthRecordsStepViewController.swift */; };
		8EA664892593213000B6A45A /* CKSendHelper.swift in Sources */ = {isa = PBXBuildFile; fileRef = 8EA664882593213000B6A45A /* CKSendHelper.swift */; };
		8EA664AD2593380D00B6A45A /* SendRecordsView.swift in Sources */ = {isa = PBXBuildFile; fileRef = 8EA664AC2593380D00B6A45A /* SendRecordsView.swift */; };
		8EA664B42594387900B6A45A /* Errors.swift in Sources */ = {isa = PBXBuildFile; fileRef = 8EA664B32594387900B6A45A /* Errors.swift */; };
		8EBE6F9C24B3C0E60093D07C /* AppDelegate+CardinalKit.swift in Sources */ = {isa = PBXBuildFile; fileRef = 8EBE6F9B24B3C0E60093D07C /* AppDelegate+CardinalKit.swift */; };
		D253D132250D1BDB00A363E4 /* CKSignInWithAppleStep.swift in Sources */ = {isa = PBXBuildFile; fileRef = D253D131250D1BDB00A363E4 /* CKSignInWithAppleStep.swift */; };
		E235077724F7082700CC1899 /* SceneDelegate.swift in Sources */ = {isa = PBXBuildFile; fileRef = E235077624F7082700CC1899 /* SceneDelegate.swift */; };
		E2DF9F0A2500C9CE00A93B93 /* LoginViewController.swift in Sources */ = {isa = PBXBuildFile; fileRef = E2DF9F092500C9CE00A93B93 /* LoginViewController.swift */; };
		E2F1FD7624D61EDA006C39DF /* CKPropertyReader.swift in Sources */ = {isa = PBXBuildFile; fileRef = E2F1FD7524D61EDA006C39DF /* CKPropertyReader.swift */; };
		E2F1FD7824D62064006C39DF /* CKConfiguration.plist in Resources */ = {isa = PBXBuildFile; fileRef = E2F1FD7724D62064006C39DF /* CKConfiguration.plist */; };
/* End PBXBuildFile section */

/* Begin PBXCopyFilesBuildPhase section */
		8E0A43D0244A60D800656518 /* Embed Frameworks */ = {
			isa = PBXCopyFilesBuildPhase;
			buildActionMask = 2147483647;
			dstPath = "";
			dstSubfolderSpec = 10;
			files = (
			);
			name = "Embed Frameworks";
			runOnlyForDeploymentPostprocessing = 0;
		};
/* End PBXCopyFilesBuildPhase section */

/* Begin PBXFileReference section */
		07D78DA16FC9C3C7709EA243 /* LICENSE */ = {isa = PBXFileReference; includeInIndex = 1; lastKnownFileType = text; name = LICENSE; path = ../LICENSE; sourceTree = "<group>"; };
		2742D7C32871EFE2008B7578 /* SurveyRules.swift */ = {isa = PBXFileReference; lastKnownFileType = sourcecode.swift; path = SurveyRules.swift; sourceTree = "<group>"; };
		27653A12272A2E7700D74E83 /* LocalTaskListItemView.swift */ = {isa = PBXFileReference; lastKnownFileType = sourcecode.swift; path = LocalTaskListItemView.swift; sourceTree = "<group>"; };
		27684BD4287EEBD500140840 /* LaunchUIView.swift */ = {isa = PBXFileReference; lastKnownFileType = sourcecode.swift; path = LaunchUIView.swift; sourceTree = "<group>"; };
		2776F0DF2888233A0060480C /* Extensions+String.swift */ = {isa = PBXFileReference; lastKnownFileType = sourcecode.swift; path = "Extensions+String.swift"; sourceTree = "<group>"; };
		277C39FD28A01C3500533405 /* PrivacyPolicyView.swift */ = {isa = PBXFileReference; lastKnownFileType = sourcecode.swift; path = PrivacyPolicyView.swift; sourceTree = "<group>"; };
		277C3A0528A0215700533405 /* LifeSpaceConsent.swift */ = {isa = PBXFileReference; lastKnownFileType = sourcecode.swift; path = LifeSpaceConsent.swift; sourceTree = "<group>"; };
		277DC91828355FC100C12FB2 /* CKReviewConsentDocument.swift */ = {isa = PBXFileReference; lastKnownFileType = sourcecode.swift; path = CKReviewConsentDocument.swift; sourceTree = "<group>"; };
		27A6A0212964D0CD00C5B5B9 /* OnboardingViewController+Coordinator.swift */ = {isa = PBXFileReference; lastKnownFileType = sourcecode.swift; path = "OnboardingViewController+Coordinator.swift"; sourceTree = "<group>"; };
		27A6A0232964D2B500C5B5B9 /* LoginExistingUserViewController.swift */ = {isa = PBXFileReference; lastKnownFileType = sourcecode.swift; path = LoginExistingUserViewController.swift; sourceTree = "<group>"; };
		27A6A0252964D33500C5B5B9 /* OnboardingViewController.swift */ = {isa = PBXFileReference; lastKnownFileType = sourcecode.swift; path = OnboardingViewController.swift; sourceTree = "<group>"; };
		27A6A0272964DB0E00C5B5B9 /* GoogleService-Info.plist */ = {isa = PBXFileReference; fileEncoding = 4; lastKnownFileType = text.plist.xml; name = "GoogleService-Info.plist"; path = "../../../../../../Desktop/GoogleService-Info.plist"; sourceTree = "<group>"; };
		27B78917284CE8610006C02F /* LocalTaskItem.swift */ = {isa = PBXFileReference; fileEncoding = 4; lastKnownFileType = sourcecode.swift; path = LocalTaskItem.swift; sourceTree = "<group>"; };
		27B78919284CE86A0006C02F /* CloudTaskItem.swift */ = {isa = PBXFileReference; fileEncoding = 4; lastKnownFileType = sourcecode.swift; path = CloudTaskItem.swift; sourceTree = "<group>"; };
		27B7891B284CE89F0006C02F /* TasksUIView.swift */ = {isa = PBXFileReference; fileEncoding = 4; lastKnownFileType = sourcecode.swift; path = TasksUIView.swift; sourceTree = "<group>"; };
		27B7891D284CE9260006C02F /* CloudTaskListItemView.swift */ = {isa = PBXFileReference; fileEncoding = 4; lastKnownFileType = sourcecode.swift; path = CloudTaskListItemView.swift; sourceTree = "<group>"; };
		27C789632872366500B84177 /* StudyID.swift */ = {isa = PBXFileReference; lastKnownFileType = sourcecode.swift; path = StudyID.swift; sourceTree = "<group>"; };
		27C789652872377500B84177 /* studyIDs.csv */ = {isa = PBXFileReference; lastKnownFileType = text; path = studyIDs.csv; sourceTree = "<group>"; };
		27D1096E287DE9920094CFC4 /* LocationUtils.swift */ = {isa = PBXFileReference; lastKnownFileType = sourcecode.swift; path = LocationUtils.swift; sourceTree = "<group>"; };
		27FCB9642834A828009B02CD /* HomeView.swift */ = {isa = PBXFileReference; lastKnownFileType = sourcecode.swift; path = HomeView.swift; sourceTree = "<group>"; };
		2B19DD9126FE1BEB00649CE1 /* JsonToSurvey.swift */ = {isa = PBXFileReference; fileEncoding = 4; lastKnownFileType = sourcecode.swift; path = JsonToSurvey.swift; sourceTree = "<group>"; };
		2BD5328226C2CC4E00C4636E /* CkResearchSurveysManager.swift */ = {isa = PBXFileReference; fileEncoding = 4; lastKnownFileType = sourcecode.swift; path = CkResearchSurveysManager.swift; sourceTree = "<group>"; };
		2BF6451F26C1DBE70020C206 /* CK_ORKSerialization.swift */ = {isa = PBXFileReference; fileEncoding = 4; lastKnownFileType = sourcecode.swift; path = CK_ORKSerialization.swift; sourceTree = "<group>"; };
		2F94C5F12536543600DF8866 /* SceneDelegate+CardinalKit.swift */ = {isa = PBXFileReference; lastKnownFileType = sourcecode.swift; path = "SceneDelegate+CardinalKit.swift"; sourceTree = "<group>"; };
		41DC264876E45FE5A3FD8701 /* README.md */ = {isa = PBXFileReference; includeInIndex = 1; lastKnownFileType = net.daringfireball.markdown; name = README.md; path = ../README.md; sourceTree = "<group>"; };
		4F02D978274871A200F203B5 /* LocationView.swift */ = {isa = PBXFileReference; lastKnownFileType = sourcecode.swift; path = LocationView.swift; sourceTree = "<group>"; };
		4F02D97A274871C300F203B5 /* LocationService.swift */ = {isa = PBXFileReference; fileEncoding = 4; lastKnownFileType = sourcecode.swift; path = LocationService.swift; sourceTree = "<group>"; };
		4F02D97C274871C800F203B5 /* NotificationFetcher.swift */ = {isa = PBXFileReference; fileEncoding = 4; lastKnownFileType = sourcecode.swift; path = NotificationFetcher.swift; sourceTree = "<group>"; };
		5D04949952B57DD6248A4916 /* Pods_LifeSpace.framework */ = {isa = PBXFileReference; explicitFileType = wrapper.framework; includeInIndex = 0; path = Pods_LifeSpace.framework; sourceTree = BUILT_PRODUCTS_DIR; };
		607FACD01AFB9204008FA782 /* LifeSpace.app */ = {isa = PBXFileReference; explicitFileType = wrapper.application; includeInIndex = 0; path = LifeSpace.app; sourceTree = BUILT_PRODUCTS_DIR; };
		62AA5CD1C2188D392530510F /* CardinalKit.podspec */ = {isa = PBXFileReference; includeInIndex = 1; lastKnownFileType = text; name = CardinalKit.podspec; path = ../CardinalKit.podspec; sourceTree = "<group>"; xcLanguageSpecificationIdentifier = xcode.lang.ruby; };
		63A143DC280EDBA9001A54BC /* MapboxView.swift */ = {isa = PBXFileReference; lastKnownFileType = sourcecode.swift; path = MapboxView.swift; sourceTree = "<group>"; };
		63A143DE280F1AAC001A54BC /* DailySurveyStartButton.swift */ = {isa = PBXFileReference; lastKnownFileType = sourcecode.swift; path = DailySurveyStartButton.swift; sourceTree = "<group>"; };
		63A143E0280F579E001A54BC /* PermissionLocationUIView.swift */ = {isa = PBXFileReference; lastKnownFileType = sourcecode.swift; path = PermissionLocationUIView.swift; sourceTree = "<group>"; };
		63A8238F280DAD49001D49A8 /* DailySurveyViewController.swift */ = {isa = PBXFileReference; lastKnownFileType = sourcecode.swift; path = DailySurveyViewController.swift; sourceTree = "<group>"; };
		63A82391280DAF2F001D49A8 /* MapQuestionStep.swift */ = {isa = PBXFileReference; lastKnownFileType = sourcecode.swift; path = MapQuestionStep.swift; sourceTree = "<group>"; };
		63A82399280DD26E001D49A8 /* MapboxMap.swift */ = {isa = PBXFileReference; lastKnownFileType = sourcecode.swift; path = MapboxMap.swift; sourceTree = "<group>"; };
		63A823A0280DFCBF001D49A8 /* JHMapDataManager.swift */ = {isa = PBXFileReference; lastKnownFileType = sourcecode.swift; path = JHMapDataManager.swift; sourceTree = "<group>"; };
		8E0A4378244A4A0300656518 /* LifeSpace-Bridging-Header.h */ = {isa = PBXFileReference; lastKnownFileType = sourcecode.c.h; path = "LifeSpace-Bridging-Header.h"; sourceTree = "<group>"; };
		8E0A4382244A4A0400656518 /* CKStudyUser.swift */ = {isa = PBXFileReference; fileEncoding = 4; lastKnownFileType = sourcecode.swift; path = CKStudyUser.swift; sourceTree = "<group>"; };
		8E0A4384244A4A0400656518 /* Constants.swift */ = {isa = PBXFileReference; fileEncoding = 4; lastKnownFileType = sourcecode.swift; path = Constants.swift; sourceTree = "<group>"; };
		8E0A4386244A4A0400656518 /* ORKESerialization.m */ = {isa = PBXFileReference; fileEncoding = 4; lastKnownFileType = sourcecode.c.objc; path = ORKESerialization.m; sourceTree = "<group>"; };
		8E0A4387244A4A0400656518 /* ORKESerialization.h */ = {isa = PBXFileReference; fileEncoding = 4; lastKnownFileType = sourcecode.c.h; path = ORKESerialization.h; sourceTree = "<group>"; };
		8E0A4388244A4A0400656518 /* Assets.xcassets */ = {isa = PBXFileReference; lastKnownFileType = folder.assetcatalog; path = Assets.xcassets; sourceTree = "<group>"; };
		8E0A438A244A4A0400656518 /* Base */ = {isa = PBXFileReference; lastKnownFileType = file.storyboard; name = Base; path = Base.lproj/LaunchScreen.storyboard; sourceTree = "<group>"; };
		8E0A438B244A4A0400656518 /* LifeSpace.entitlements */ = {isa = PBXFileReference; fileEncoding = 4; lastKnownFileType = text.plist.entitlements; path = LifeSpace.entitlements; sourceTree = "<group>"; };
		8E0A438F244A4A0400656518 /* TaskSamples.swift */ = {isa = PBXFileReference; fileEncoding = 4; lastKnownFileType = sourcecode.swift; path = TaskSamples.swift; sourceTree = "<group>"; };
		8E0A4396244A4A0400656518 /* AppDelegate.swift */ = {isa = PBXFileReference; fileEncoding = 4; lastKnownFileType = sourcecode.swift; path = AppDelegate.swift; sourceTree = "<group>"; };
		8E0A439D244A4A0400656518 /* CKHealthDataStepViewController.swift */ = {isa = PBXFileReference; fileEncoding = 4; lastKnownFileType = sourcecode.swift; path = CKHealthDataStepViewController.swift; sourceTree = "<group>"; };
		8E0A43A2244A4A0400656518 /* ConsentDocument.swift */ = {isa = PBXFileReference; fileEncoding = 4; lastKnownFileType = sourcecode.swift; path = ConsentDocument.swift; sourceTree = "<group>"; };
		8E0A43C9244A4C6500656518 /* Info.plist */ = {isa = PBXFileReference; fileEncoding = 4; lastKnownFileType = text.plist.xml; path = Info.plist; sourceTree = "<group>"; };
		8E0A43D4244A693D00656518 /* HealthKit.framework */ = {isa = PBXFileReference; lastKnownFileType = wrapper.framework; name = HealthKit.framework; path = System/Library/Frameworks/HealthKit.framework; sourceTree = SDKROOT; };
		8E40DC032471E5940027536B /* CKNetworkManager.swift */ = {isa = PBXFileReference; lastKnownFileType = sourcecode.swift; path = CKNetworkManager.swift; sourceTree = "<group>"; };
		8E6E1E0C25351D8F0024B8DF /* PageViewController.swift */ = {isa = PBXFileReference; lastKnownFileType = sourcecode.swift; path = PageViewController.swift; sourceTree = "<group>"; };
		8E6E1E0F25351E890024B8DF /* Extensions+UIColor.swift */ = {isa = PBXFileReference; lastKnownFileType = sourcecode.swift; path = "Extensions+UIColor.swift"; sourceTree = "<group>"; };
		8E6E1E1125351F830024B8DF /* DocumentPreviewViewController.swift */ = {isa = PBXFileReference; lastKnownFileType = sourcecode.swift; path = DocumentPreviewViewController.swift; sourceTree = "<group>"; };
		8E6E1E13253520440024B8DF /* PasscodeViewController.swift */ = {isa = PBXFileReference; lastKnownFileType = sourcecode.swift; path = PasscodeViewController.swift; sourceTree = "<group>"; };
		8E6E1E15253524500024B8DF /* WithdrawalViewController.swift */ = {isa = PBXFileReference; lastKnownFileType = sourcecode.swift; path = WithdrawalViewController.swift; sourceTree = "<group>"; };
		8E6E1E172535263F0024B8DF /* CKTaskViewController.swift */ = {isa = PBXFileReference; lastKnownFileType = sourcecode.swift; path = CKTaskViewController.swift; sourceTree = "<group>"; };
		8E6E1E19253528450024B8DF /* WithdrawView.swift */ = {isa = PBXFileReference; lastKnownFileType = sourcecode.swift; path = WithdrawView.swift; sourceTree = "<group>"; };
		8E6E1E1B253528D70024B8DF /* ReportView.swift */ = {isa = PBXFileReference; lastKnownFileType = sourcecode.swift; path = ReportView.swift; sourceTree = "<group>"; };
		8E6E1E1D253528F50024B8DF /* SupportView.swift */ = {isa = PBXFileReference; lastKnownFileType = sourcecode.swift; path = SupportView.swift; sourceTree = "<group>"; };
		8E6E1E1F253529760024B8DF /* DocumentView.swift */ = {isa = PBXFileReference; lastKnownFileType = sourcecode.swift; path = DocumentView.swift; sourceTree = "<group>"; };
		8E6E1E2125352C780024B8DF /* OnboardingUIView.swift */ = {isa = PBXFileReference; lastKnownFileType = sourcecode.swift; path = OnboardingUIView.swift; sourceTree = "<group>"; };
		8E6E1E23253537580024B8DF /* MainUIView.swift */ = {isa = PBXFileReference; lastKnownFileType = sourcecode.swift; path = MainUIView.swift; sourceTree = "<group>"; };
		8E6E1E292535398D0024B8DF /* HelpView.swift */ = {isa = PBXFileReference; lastKnownFileType = sourcecode.swift; path = HelpView.swift; sourceTree = "<group>"; };
		8E6E1E2B253539AE0024B8DF /* ChangePasscodeView.swift */ = {isa = PBXFileReference; lastKnownFileType = sourcecode.swift; path = ChangePasscodeView.swift; sourceTree = "<group>"; };
		8E6E1E2D25353A1E0024B8DF /* StudyIDView.swift */ = {isa = PBXFileReference; lastKnownFileType = sourcecode.swift; path = StudyIDView.swift; sourceTree = "<group>"; };
		8E6E1E3125353ABE0024B8DF /* ProfileUIView.swift */ = {isa = PBXFileReference; lastKnownFileType = sourcecode.swift; path = ProfileUIView.swift; sourceTree = "<group>"; };
		8E6E1E3325353AFE0024B8DF /* EmailHelper.swift */ = {isa = PBXFileReference; lastKnownFileType = sourcecode.swift; path = EmailHelper.swift; sourceTree = "<group>"; };
		8E7FFFB325DCE9B7002982B4 /* CKUploadToGCPTaskViewControllerDelegate.swift */ = {isa = PBXFileReference; lastKnownFileType = sourcecode.swift; path = CKUploadToGCPTaskViewControllerDelegate.swift; sourceTree = "<group>"; };
		8E9CDEAC259170AD00C8A228 /* CKCareKitManager.swift */ = {isa = PBXFileReference; lastKnownFileType = sourcecode.swift; path = CKCareKitManager.swift; sourceTree = "<group>"; };
		8E9CDEB92591843200C8A228 /* CKConfig.swift */ = {isa = PBXFileReference; lastKnownFileType = sourcecode.swift; path = CKConfig.swift; sourceTree = "<group>"; };
		8E9CDECF2591AC4A00C8A228 /* CKHealthKitManager.swift */ = {isa = PBXFileReference; lastKnownFileType = sourcecode.swift; path = CKHealthKitManager.swift; sourceTree = "<group>"; };
		8E9CDF132591B73900C8A228 /* CKHealthRecordsManager.swift */ = {isa = PBXFileReference; lastKnownFileType = sourcecode.swift; path = CKHealthRecordsManager.swift; sourceTree = "<group>"; };
		8E9CDFAD2592B79900C8A228 /* Metrics.swift */ = {isa = PBXFileReference; lastKnownFileType = sourcecode.swift; path = Metrics.swift; sourceTree = "<group>"; };
		8EA6648625930B6B00B6A45A /* CKHealthRecordsStepViewController.swift */ = {isa = PBXFileReference; lastKnownFileType = sourcecode.swift; path = CKHealthRecordsStepViewController.swift; sourceTree = "<group>"; };
		8EA664882593213000B6A45A /* CKSendHelper.swift */ = {isa = PBXFileReference; lastKnownFileType = sourcecode.swift; path = CKSendHelper.swift; sourceTree = "<group>"; };
		8EA664AC2593380D00B6A45A /* SendRecordsView.swift */ = {isa = PBXFileReference; lastKnownFileType = sourcecode.swift; path = SendRecordsView.swift; sourceTree = "<group>"; };
		8EA664B32594387900B6A45A /* Errors.swift */ = {isa = PBXFileReference; lastKnownFileType = sourcecode.swift; path = Errors.swift; sourceTree = "<group>"; };
		8EBE6F9B24B3C0E60093D07C /* AppDelegate+CardinalKit.swift */ = {isa = PBXFileReference; lastKnownFileType = sourcecode.swift; path = "AppDelegate+CardinalKit.swift"; sourceTree = "<group>"; };
		AB363D15FB7C218C661A6E6F /* Pods-LifeSpace.debug.xcconfig */ = {isa = PBXFileReference; includeInIndex = 1; lastKnownFileType = text.xcconfig; name = "Pods-LifeSpace.debug.xcconfig"; path = "Target Support Files/Pods-LifeSpace/Pods-LifeSpace.debug.xcconfig"; sourceTree = "<group>"; };
		D205F35186F37B767D4ED303 /* Pods-LifeSpace.release.xcconfig */ = {isa = PBXFileReference; includeInIndex = 1; lastKnownFileType = text.xcconfig; name = "Pods-LifeSpace.release.xcconfig"; path = "Target Support Files/Pods-LifeSpace/Pods-LifeSpace.release.xcconfig"; sourceTree = "<group>"; };
		D253D131250D1BDB00A363E4 /* CKSignInWithAppleStep.swift */ = {isa = PBXFileReference; fileEncoding = 4; lastKnownFileType = sourcecode.swift; path = CKSignInWithAppleStep.swift; sourceTree = "<group>"; };
		E235077624F7082700CC1899 /* SceneDelegate.swift */ = {isa = PBXFileReference; lastKnownFileType = sourcecode.swift; path = SceneDelegate.swift; sourceTree = "<group>"; };
		E2DF9F092500C9CE00A93B93 /* LoginViewController.swift */ = {isa = PBXFileReference; lastKnownFileType = sourcecode.swift; path = LoginViewController.swift; sourceTree = "<group>"; };
		E2F1FD7524D61EDA006C39DF /* CKPropertyReader.swift */ = {isa = PBXFileReference; lastKnownFileType = sourcecode.swift; path = CKPropertyReader.swift; sourceTree = "<group>"; };
		E2F1FD7724D62064006C39DF /* CKConfiguration.plist */ = {isa = PBXFileReference; lastKnownFileType = text.plist.xml; path = CKConfiguration.plist; sourceTree = "<group>"; };
/* End PBXFileReference section */

/* Begin PBXFrameworksBuildPhase section */
		607FACCD1AFB9204008FA782 /* Frameworks */ = {
			isa = PBXFrameworksBuildPhase;
			buildActionMask = 2147483647;
			files = (
				8E9CDE952591534B00C8A228 /* CareKit in Frameworks */,
				8E9CDE972591534B00C8A228 /* CareKitUI in Frameworks */,
				8E0A43D5244A693D00656518 /* HealthKit.framework in Frameworks */,
				8E9CDE932591534B00C8A228 /* CareKitFHIR in Frameworks */,
				05F1D517B8D4CFF2873570E4 /* Pods_LifeSpace.framework in Frameworks */,
			);
			runOnlyForDeploymentPostprocessing = 0;
		};
/* End PBXFrameworksBuildPhase section */

/* Begin PBXGroup section */
		27684BD3287EEAD000140840 /* Location */ = {
			isa = PBXGroup;
			children = (
				4F02D97A274871C300F203B5 /* LocationService.swift */,
				27D1096E287DE9920094CFC4 /* LocationUtils.swift */,
			);
			path = Location;
			sourceTree = "<group>";
		};
		277C3A0928A0412A00533405 /* Consent */ = {
			isa = PBXGroup;
			children = (
				277C3A0528A0215700533405 /* LifeSpaceConsent.swift */,
			);
			path = Consent;
			sourceTree = "<group>";
		};
		2C45A885E8BD0CAC5349997A /* Frameworks */ = {
			isa = PBXGroup;
			children = (
				8E0A43D4244A693D00656518 /* HealthKit.framework */,
				5D04949952B57DD6248A4916 /* Pods_LifeSpace.framework */,
			);
			name = Frameworks;
			sourceTree = "<group>";
		};
		607FACC71AFB9204008FA782 = {
			isa = PBXGroup;
			children = (
				8E0A438B244A4A0400656518 /* LifeSpace.entitlements */,
				607FACF51AFB993E008FA782 /* Podspec Metadata */,
				607FACD21AFB9204008FA782 /* LifeSpace */,
				607FACD11AFB9204008FA782 /* Products */,
				A562A578C883F67F0DAE1385 /* Pods */,
				2C45A885E8BD0CAC5349997A /* Frameworks */,
			);
			sourceTree = "<group>";
		};
		607FACD11AFB9204008FA782 /* Products */ = {
			isa = PBXGroup;
			children = (
				607FACD01AFB9204008FA782 /* LifeSpace.app */,
			);
			name = Products;
			sourceTree = "<group>";
		};
		607FACD21AFB9204008FA782 /* LifeSpace */ = {
			isa = PBXGroup;
			children = (
				8E0A4383244A4A0400656518 /* Supporting Files */,
				8E9CDEAA25916F2A00C8A228 /* Components */,
				8E0A43C5244A4A5700656518 /* Library */,
				8E0A4396244A4A0400656518 /* AppDelegate.swift */,
				8EBE6F9B24B3C0E60093D07C /* AppDelegate+CardinalKit.swift */,
				E235077624F7082700CC1899 /* SceneDelegate.swift */,
				2F94C5F12536543600DF8866 /* SceneDelegate+CardinalKit.swift */,
			);
			name = LifeSpace;
			path = CardinalKit;
			sourceTree = "<group>";
		};
		607FACF51AFB993E008FA782 /* Podspec Metadata */ = {
			isa = PBXGroup;
			children = (
				62AA5CD1C2188D392530510F /* CardinalKit.podspec */,
				41DC264876E45FE5A3FD8701 /* README.md */,
				07D78DA16FC9C3C7709EA243 /* LICENSE */,
			);
			name = "Podspec Metadata";
			sourceTree = "<group>";
		};
		63A82398280DD255001D49A8 /* Map */ = {
			isa = PBXGroup;
			children = (
				63A82399280DD26E001D49A8 /* MapboxMap.swift */,
				63A143DC280EDBA9001A54BC /* MapboxView.swift */,
			);
			path = Map;
			sourceTree = "<group>";
		};
		63A8239D280DFC74001D49A8 /* Maps */ = {
			isa = PBXGroup;
			children = (
				63A823A0280DFCBF001D49A8 /* JHMapDataManager.swift */,
			);
			path = Maps;
			sourceTree = "<group>";
		};
		8E0A4379244A4A0400656518 /* Profile */ = {
			isa = PBXGroup;
			children = (
				8E6E1E3025353AA70024B8DF /* Views */,
				8E6E1E3125353ABE0024B8DF /* ProfileUIView.swift */,
				8E6E1E1125351F830024B8DF /* DocumentPreviewViewController.swift */,
				8E6E1E15253524500024B8DF /* WithdrawalViewController.swift */,
			);
			path = Profile;
			sourceTree = "<group>";
		};
		8E0A4380244A4A0400656518 /* Auth */ = {
			isa = PBXGroup;
			children = (
				8E0A4382244A4A0400656518 /* CKStudyUser.swift */,
			);
			path = Auth;
			sourceTree = "<group>";
		};
		8E0A4383244A4A0400656518 /* Supporting Files */ = {
			isa = PBXGroup;
			children = (
				8E0A4388244A4A0400656518 /* Assets.xcassets */,
				8E0A4389244A4A0400656518 /* LaunchScreen.storyboard */,
				8E0A4384244A4A0400656518 /* Constants.swift */,
				8E0A4378244A4A0300656518 /* LifeSpace-Bridging-Header.h */,
				8E0A43C9244A4C6500656518 /* Info.plist */,
				27A6A0272964DB0E00C5B5B9 /* GoogleService-Info.plist */,
				E2F1FD7724D62064006C39DF /* CKConfiguration.plist */,
				27C789652872377500B84177 /* studyIDs.csv */,
			);
			path = "Supporting Files";
			sourceTree = "<group>";
		};
		8E0A438D244A4A0400656518 /* Tasks */ = {
			isa = PBXGroup;
			children = (
				8E9CDF7F2591E62000C8A228 /* Model */,
				8E6E1E2F25353A550024B8DF /* Views */,
				27B7891B284CE89F0006C02F /* TasksUIView.swift */,
			);
			path = Tasks;
			sourceTree = "<group>";
		};
		8E0A4399244A4A0400656518 /* Onboarding */ = {
			isa = PBXGroup;
			children = (
				8E0A439C244A4A0400656518 /* Steps */,
				8E6E1E2125352C780024B8DF /* OnboardingUIView.swift */,
				27A6A0252964D33500C5B5B9 /* OnboardingViewController.swift */,
				27A6A0212964D0CD00C5B5B9 /* OnboardingViewController+Coordinator.swift */,
				8E6E1E0C25351D8F0024B8DF /* PageViewController.swift */,
				8E6E1E13253520440024B8DF /* PasscodeViewController.swift */,
				277DC91828355FC100C12FB2 /* CKReviewConsentDocument.swift */,
				27A6A0232964D2B500C5B5B9 /* LoginExistingUserViewController.swift */,
			);
			path = Onboarding;
			sourceTree = "<group>";
		};
		8E0A439C244A4A0400656518 /* Steps */ = {
			isa = PBXGroup;
			children = (
				D253D131250D1BDB00A363E4 /* CKSignInWithAppleStep.swift */,
				8E0A439D244A4A0400656518 /* CKHealthDataStepViewController.swift */,
				8EA6648625930B6B00B6A45A /* CKHealthRecordsStepViewController.swift */,
				E2DF9F092500C9CE00A93B93 /* LoginViewController.swift */,
			);
			path = Steps;
			sourceTree = "<group>";
		};
		8E0A43C5244A4A5700656518 /* Library */ = {
			isa = PBXGroup;
			children = (
				27684BD3287EEAD000140840 /* Location */,
				63A8239D280DFC74001D49A8 /* Maps */,
				8E9CDF802591E6B800C8A228 /* Configuration */,
				8E9CDECE2591ABDF00C8A228 /* HealthKit */,
				8E40DC022471E5590027536B /* Networking */,
				8E0A4380244A4A0400656518 /* Auth */,
				8E9CDF812591E6D000C8A228 /* ResearchKit */,
				8E9CDEAB25916F6E00C8A228 /* CareKit */,
				8E6E1E0F25351E890024B8DF /* Extensions+UIColor.swift */,
				8E6E1E3325353AFE0024B8DF /* EmailHelper.swift */,
				8E9CDFAD2592B79900C8A228 /* Metrics.swift */,
				8EA664B32594387900B6A45A /* Errors.swift */,
				27C789632872366500B84177 /* StudyID.swift */,
				2776F0DF2888233A0060480C /* Extensions+String.swift */,
			);
			path = Library;
			sourceTree = "<group>";
		};
		8E40DC022471E5590027536B /* Networking */ = {
			isa = PBXGroup;
			children = (
				8E40DC032471E5940027536B /* CKNetworkManager.swift */,
				8EA664882593213000B6A45A /* CKSendHelper.swift */,
			);
			path = Networking;
			sourceTree = "<group>";
		};
		8E6E1E2F25353A550024B8DF /* Views */ = {
			isa = PBXGroup;
			children = (
				4F02D97C274871C800F203B5 /* NotificationFetcher.swift */,
				4F02D978274871A200F203B5 /* LocationView.swift */,
				27B7891D284CE9260006C02F /* CloudTaskListItemView.swift */,
				27653A12272A2E7700D74E83 /* LocalTaskListItemView.swift */,
			);
			path = Views;
			sourceTree = "<group>";
		};
		8E6E1E3025353AA70024B8DF /* Views */ = {
			isa = PBXGroup;
			children = (
				8E6E1E1F253529760024B8DF /* DocumentView.swift */,
				8E6E1E19253528450024B8DF /* WithdrawView.swift */,
				8E6E1E1B253528D70024B8DF /* ReportView.swift */,
				8E6E1E1D253528F50024B8DF /* SupportView.swift */,
				8E6E1E292535398D0024B8DF /* HelpView.swift */,
				8E6E1E2B253539AE0024B8DF /* ChangePasscodeView.swift */,
				8E6E1E2D25353A1E0024B8DF /* StudyIDView.swift */,
				8EA664AC2593380D00B6A45A /* SendRecordsView.swift */,
				277C39FD28A01C3500533405 /* PrivacyPolicyView.swift */,
			);
			path = Views;
			sourceTree = "<group>";
		};
		8E9CDEA525915F6600C8A228 /* Survey */ = {
			isa = PBXGroup;
			children = (
				63A8238F280DAD49001D49A8 /* DailySurveyViewController.swift */,
				63A82391280DAF2F001D49A8 /* MapQuestionStep.swift */,
				63A143DE280F1AAC001A54BC /* DailySurveyStartButton.swift */,
			);
			path = Survey;
			sourceTree = "<group>";
		};
		8E9CDEAA25916F2A00C8A228 /* Components */ = {
			isa = PBXGroup;
			children = (
				8E6E1E23253537580024B8DF /* MainUIView.swift */,
				27FCB9642834A828009B02CD /* HomeView.swift */,
				27684BD4287EEBD500140840 /* LaunchUIView.swift */,
				63A143E0280F579E001A54BC /* PermissionLocationUIView.swift */,
				2742D7C32871EFE2008B7578 /* SurveyRules.swift */,
				277C3A0928A0412A00533405 /* Consent */,
				63A82398280DD255001D49A8 /* Map */,
				8E0A4399244A4A0400656518 /* Onboarding */,
				8E9CDEA525915F6600C8A228 /* Survey */,
				8E0A438D244A4A0400656518 /* Tasks */,
				8E0A4379244A4A0400656518 /* Profile */,
			);
			path = Components;
			sourceTree = "<group>";
		};
		8E9CDEAB25916F6E00C8A228 /* CareKit */ = {
			isa = PBXGroup;
			children = (
				8E9CDEAC259170AD00C8A228 /* CKCareKitManager.swift */,
			);
			path = CareKit;
			sourceTree = "<group>";
		};
		8E9CDECE2591ABDF00C8A228 /* HealthKit */ = {
			isa = PBXGroup;
			children = (
				8E9CDECF2591AC4A00C8A228 /* CKHealthKitManager.swift */,
				8E9CDF132591B73900C8A228 /* CKHealthRecordsManager.swift */,
			);
			path = HealthKit;
			sourceTree = "<group>";
		};
		8E9CDF7F2591E62000C8A228 /* Model */ = {
			isa = PBXGroup;
			children = (
				8E0A438F244A4A0400656518 /* TaskSamples.swift */,
				27B78917284CE8610006C02F /* LocalTaskItem.swift */,
				27B78919284CE86A0006C02F /* CloudTaskItem.swift */,
			);
			path = Model;
			sourceTree = "<group>";
		};
		8E9CDF802591E6B800C8A228 /* Configuration */ = {
			isa = PBXGroup;
			children = (
				8E9CDEB92591843200C8A228 /* CKConfig.swift */,
				E2F1FD7524D61EDA006C39DF /* CKPropertyReader.swift */,
			);
			path = Configuration;
			sourceTree = "<group>";
		};
		8E9CDF812591E6D000C8A228 /* ResearchKit */ = {
			isa = PBXGroup;
			children = (
				2B19DD9126FE1BEB00649CE1 /* JsonToSurvey.swift */,
				2BD5328226C2CC4E00C4636E /* CkResearchSurveysManager.swift */,
				2BF6451F26C1DBE70020C206 /* CK_ORKSerialization.swift */,
				8E0A4386244A4A0400656518 /* ORKESerialization.m */,
				8E0A4387244A4A0400656518 /* ORKESerialization.h */,
				8E0A43A2244A4A0400656518 /* ConsentDocument.swift */,
				8E6E1E172535263F0024B8DF /* CKTaskViewController.swift */,
				8E7FFFB325DCE9B7002982B4 /* CKUploadToGCPTaskViewControllerDelegate.swift */,
			);
			path = ResearchKit;
			sourceTree = "<group>";
		};
		A562A578C883F67F0DAE1385 /* Pods */ = {
			isa = PBXGroup;
			children = (
				AB363D15FB7C218C661A6E6F /* Pods-LifeSpace.debug.xcconfig */,
				D205F35186F37B767D4ED303 /* Pods-LifeSpace.release.xcconfig */,
			);
			path = Pods;
			sourceTree = "<group>";
		};
/* End PBXGroup section */

/* Begin PBXNativeTarget section */
		607FACCF1AFB9204008FA782 /* LifeSpace */ = {
			isa = PBXNativeTarget;
			buildConfigurationList = 607FACEF1AFB9204008FA782 /* Build configuration list for PBXNativeTarget "LifeSpace" */;
			buildPhases = (
				C30374E95B831963730A2362 /* [CP] Check Pods Manifest.lock */,
				607FACCC1AFB9204008FA782 /* Sources */,
				607FACCD1AFB9204008FA782 /* Frameworks */,
				607FACCE1AFB9204008FA782 /* Resources */,
				8E0A43D0244A60D800656518 /* Embed Frameworks */,
				275E587728656F3700799953 /* ShellScript */,
				83230E48355A662F63A72739 /* [CP] Embed Pods Frameworks */,
			);
			buildRules = (
			);
			dependencies = (
			);
			name = LifeSpace;
			packageProductDependencies = (
				8E9CDE922591534B00C8A228 /* CareKitFHIR */,
				8E9CDE942591534B00C8A228 /* CareKit */,
				8E9CDE962591534B00C8A228 /* CareKitUI */,
			);
			productName = CardinalKit;
			productReference = 607FACD01AFB9204008FA782 /* LifeSpace.app */;
			productType = "com.apple.product-type.application";
		};
/* End PBXNativeTarget section */

/* Begin PBXProject section */
		607FACC81AFB9204008FA782 /* Project object */ = {
			isa = PBXProject;
			attributes = {
				LastSwiftUpdateCheck = 0830;
				LastUpgradeCheck = 0830;
				ORGANIZATIONNAME = CocoaPods;
				TargetAttributes = {
					607FACCF1AFB9204008FA782 = {
						CreatedOnToolsVersion = 6.3.1;
						LastSwiftMigration = 1120;
					};
				};
			};
			buildConfigurationList = 607FACCB1AFB9204008FA782 /* Build configuration list for PBXProject "LifeSpace" */;
			compatibilityVersion = "Xcode 3.2";
			developmentRegion = English;
			hasScannedForEncodings = 0;
			knownRegions = (
				English,
				en,
				Base,
			);
			mainGroup = 607FACC71AFB9204008FA782;
			packageReferences = (
				8E9CDE8F2591534B00C8A228 /* XCRemoteSwiftPackageReference "CareKit" */,
			);
			productRefGroup = 607FACD11AFB9204008FA782 /* Products */;
			projectDirPath = "";
			projectRoot = "";
			targets = (
				607FACCF1AFB9204008FA782 /* LifeSpace */,
			);
		};
/* End PBXProject section */

/* Begin PBXResourcesBuildPhase section */
		607FACCE1AFB9204008FA782 /* Resources */ = {
			isa = PBXResourcesBuildPhase;
			buildActionMask = 2147483647;
			files = (
				27C789662872377500B84177 /* studyIDs.csv in Resources */,
				8E0A43AF244A4A0400656518 /* Assets.xcassets in Resources */,
				27A6A0282964DB0E00C5B5B9 /* GoogleService-Info.plist in Resources */,
				8E0A43B0244A4A0400656518 /* LaunchScreen.storyboard in Resources */,
				E2F1FD7824D62064006C39DF /* CKConfiguration.plist in Resources */,
			);
			runOnlyForDeploymentPostprocessing = 0;
		};
/* End PBXResourcesBuildPhase section */

/* Begin PBXShellScriptBuildPhase section */
		275E587728656F3700799953 /* ShellScript */ = {
			isa = PBXShellScriptBuildPhase;
			buildActionMask = 2147483647;
			files = (
			);
			inputFileListPaths = (
			);
			inputPaths = (
			);
			outputFileListPaths = (
			);
			outputPaths = (
			);
			runOnlyForDeploymentPostprocessing = 0;
			shellPath = /bin/sh;
			shellScript = "# Type a script or drag a script file from your workspace to insert its path.\nexport PATH=\"$PATH:/opt/homebrew/bin\"\nif which swiftlint > /dev/null; then\n  swiftlint\nelse\n  echo \"warning: SwiftLint not installed, download from https://github.com/realm/SwiftLint\"\nfi\n";
		};
		83230E48355A662F63A72739 /* [CP] Embed Pods Frameworks */ = {
			isa = PBXShellScriptBuildPhase;
			buildActionMask = 2147483647;
			files = (
			);
			inputPaths = (
				"${PODS_ROOT}/Target Support Files/Pods-LifeSpace/Pods-LifeSpace-frameworks.sh",
				"${BUILT_PRODUCTS_DIR}/BoringSSL-GRPC/openssl_grpc.framework",
				"${BUILT_PRODUCTS_DIR}/CardinalKit/CardinalKit.framework",
				"${BUILT_PRODUCTS_DIR}/FirebaseAppCheckInterop/FirebaseAppCheckInterop.framework",
				"${BUILT_PRODUCTS_DIR}/FirebaseAuth/FirebaseAuth.framework",
				"${BUILT_PRODUCTS_DIR}/FirebaseAuthInterop/FirebaseAuthInterop.framework",
				"${BUILT_PRODUCTS_DIR}/FirebaseCore/FirebaseCore.framework",
				"${BUILT_PRODUCTS_DIR}/FirebaseCoreDiagnostics/FirebaseCoreDiagnostics.framework",
				"${BUILT_PRODUCTS_DIR}/FirebaseCoreExtension/FirebaseCoreExtension.framework",
				"${BUILT_PRODUCTS_DIR}/FirebaseCoreInternal/FirebaseCoreInternal.framework",
				"${BUILT_PRODUCTS_DIR}/FirebaseDynamicLinks/FirebaseDynamicLinks.framework",
				"${BUILT_PRODUCTS_DIR}/FirebaseFirestore/FirebaseFirestore.framework",
				"${BUILT_PRODUCTS_DIR}/FirebaseInstallations/FirebaseInstallations.framework",
				"${BUILT_PRODUCTS_DIR}/FirebaseStorage/FirebaseStorage.framework",
				"${BUILT_PRODUCTS_DIR}/FirebaseStorageInternal/FirebaseStorageInternal.framework",
				"${BUILT_PRODUCTS_DIR}/GTMSessionFetcher/GTMSessionFetcher.framework",
				"${BUILT_PRODUCTS_DIR}/GoogleDataTransport/GoogleDataTransport.framework",
				"${BUILT_PRODUCTS_DIR}/GoogleUtilities/GoogleUtilities.framework",
				"${BUILT_PRODUCTS_DIR}/Granola/Granola.framework",
				"${BUILT_PRODUCTS_DIR}/Libuv-gRPC/uv.framework",
				"${BUILT_PRODUCTS_DIR}/MapboxMaps/MapboxMaps.framework",
				"${BUILT_PRODUCTS_DIR}/ObjectMapper/ObjectMapper.framework",
				"${BUILT_PRODUCTS_DIR}/ObjectiveSugar/ObjectiveSugar.framework",
				"${BUILT_PRODUCTS_DIR}/PromisesObjC/FBLPromises.framework",
				"${BUILT_PRODUCTS_DIR}/ReachabilitySwift/ReachabilitySwift.framework",
				"${BUILT_PRODUCTS_DIR}/Realm/Realm.framework",
				"${BUILT_PRODUCTS_DIR}/RealmSwift/RealmSwift.framework",
				"${BUILT_PRODUCTS_DIR}/ResearchKit/ResearchKit.framework",
				"${BUILT_PRODUCTS_DIR}/SAMKeychain/SAMKeychain.framework",
				"${BUILT_PRODUCTS_DIR}/SwiftyJSON/SwiftyJSON.framework",
				"${BUILT_PRODUCTS_DIR}/Turf/Turf.framework",
				"${BUILT_PRODUCTS_DIR}/Zip/Zip.framework",
				"${BUILT_PRODUCTS_DIR}/abseil/absl.framework",
				"${BUILT_PRODUCTS_DIR}/gRPC-C++/grpcpp.framework",
				"${BUILT_PRODUCTS_DIR}/gRPC-Core/grpc.framework",
				"${BUILT_PRODUCTS_DIR}/leveldb-library/leveldb.framework",
				"${BUILT_PRODUCTS_DIR}/nanopb/nanopb.framework",
				"${PODS_XCFRAMEWORKS_BUILD_DIR}/MapboxCommon/MapboxCommon.framework/MapboxCommon",
				"${PODS_XCFRAMEWORKS_BUILD_DIR}/MapboxCoreMaps/MapboxCoreMaps.framework/MapboxCoreMaps",
				"${PODS_XCFRAMEWORKS_BUILD_DIR}/MapboxMobileEvents/MapboxMobileEvents.framework/MapboxMobileEvents",
			);
			name = "[CP] Embed Pods Frameworks";
			outputPaths = (
				"${TARGET_BUILD_DIR}/${FRAMEWORKS_FOLDER_PATH}/openssl_grpc.framework",
				"${TARGET_BUILD_DIR}/${FRAMEWORKS_FOLDER_PATH}/CardinalKit.framework",
				"${TARGET_BUILD_DIR}/${FRAMEWORKS_FOLDER_PATH}/FirebaseAppCheckInterop.framework",
				"${TARGET_BUILD_DIR}/${FRAMEWORKS_FOLDER_PATH}/FirebaseAuth.framework",
				"${TARGET_BUILD_DIR}/${FRAMEWORKS_FOLDER_PATH}/FirebaseAuthInterop.framework",
				"${TARGET_BUILD_DIR}/${FRAMEWORKS_FOLDER_PATH}/FirebaseCore.framework",
				"${TARGET_BUILD_DIR}/${FRAMEWORKS_FOLDER_PATH}/FirebaseCoreDiagnostics.framework",
				"${TARGET_BUILD_DIR}/${FRAMEWORKS_FOLDER_PATH}/FirebaseCoreExtension.framework",
				"${TARGET_BUILD_DIR}/${FRAMEWORKS_FOLDER_PATH}/FirebaseCoreInternal.framework",
				"${TARGET_BUILD_DIR}/${FRAMEWORKS_FOLDER_PATH}/FirebaseDynamicLinks.framework",
				"${TARGET_BUILD_DIR}/${FRAMEWORKS_FOLDER_PATH}/FirebaseFirestore.framework",
				"${TARGET_BUILD_DIR}/${FRAMEWORKS_FOLDER_PATH}/FirebaseInstallations.framework",
				"${TARGET_BUILD_DIR}/${FRAMEWORKS_FOLDER_PATH}/FirebaseStorage.framework",
				"${TARGET_BUILD_DIR}/${FRAMEWORKS_FOLDER_PATH}/FirebaseStorageInternal.framework",
				"${TARGET_BUILD_DIR}/${FRAMEWORKS_FOLDER_PATH}/GTMSessionFetcher.framework",
				"${TARGET_BUILD_DIR}/${FRAMEWORKS_FOLDER_PATH}/GoogleDataTransport.framework",
				"${TARGET_BUILD_DIR}/${FRAMEWORKS_FOLDER_PATH}/GoogleUtilities.framework",
				"${TARGET_BUILD_DIR}/${FRAMEWORKS_FOLDER_PATH}/Granola.framework",
				"${TARGET_BUILD_DIR}/${FRAMEWORKS_FOLDER_PATH}/uv.framework",
				"${TARGET_BUILD_DIR}/${FRAMEWORKS_FOLDER_PATH}/MapboxMaps.framework",
				"${TARGET_BUILD_DIR}/${FRAMEWORKS_FOLDER_PATH}/ObjectMapper.framework",
				"${TARGET_BUILD_DIR}/${FRAMEWORKS_FOLDER_PATH}/ObjectiveSugar.framework",
				"${TARGET_BUILD_DIR}/${FRAMEWORKS_FOLDER_PATH}/FBLPromises.framework",
				"${TARGET_BUILD_DIR}/${FRAMEWORKS_FOLDER_PATH}/ReachabilitySwift.framework",
				"${TARGET_BUILD_DIR}/${FRAMEWORKS_FOLDER_PATH}/Realm.framework",
				"${TARGET_BUILD_DIR}/${FRAMEWORKS_FOLDER_PATH}/RealmSwift.framework",
				"${TARGET_BUILD_DIR}/${FRAMEWORKS_FOLDER_PATH}/ResearchKit.framework",
				"${TARGET_BUILD_DIR}/${FRAMEWORKS_FOLDER_PATH}/SAMKeychain.framework",
				"${TARGET_BUILD_DIR}/${FRAMEWORKS_FOLDER_PATH}/SwiftyJSON.framework",
				"${TARGET_BUILD_DIR}/${FRAMEWORKS_FOLDER_PATH}/Turf.framework",
				"${TARGET_BUILD_DIR}/${FRAMEWORKS_FOLDER_PATH}/Zip.framework",
				"${TARGET_BUILD_DIR}/${FRAMEWORKS_FOLDER_PATH}/absl.framework",
				"${TARGET_BUILD_DIR}/${FRAMEWORKS_FOLDER_PATH}/grpcpp.framework",
				"${TARGET_BUILD_DIR}/${FRAMEWORKS_FOLDER_PATH}/grpc.framework",
				"${TARGET_BUILD_DIR}/${FRAMEWORKS_FOLDER_PATH}/leveldb.framework",
				"${TARGET_BUILD_DIR}/${FRAMEWORKS_FOLDER_PATH}/nanopb.framework",
				"${TARGET_BUILD_DIR}/${FRAMEWORKS_FOLDER_PATH}/MapboxCommon.framework",
				"${TARGET_BUILD_DIR}/${FRAMEWORKS_FOLDER_PATH}/MapboxCoreMaps.framework",
				"${TARGET_BUILD_DIR}/${FRAMEWORKS_FOLDER_PATH}/MapboxMobileEvents.framework",
			);
			runOnlyForDeploymentPostprocessing = 0;
			shellPath = /bin/sh;
			shellScript = "\"${PODS_ROOT}/Target Support Files/Pods-LifeSpace/Pods-LifeSpace-frameworks.sh\"\n";
			showEnvVarsInLog = 0;
		};
		C30374E95B831963730A2362 /* [CP] Check Pods Manifest.lock */ = {
			isa = PBXShellScriptBuildPhase;
			buildActionMask = 2147483647;
			files = (
			);
			inputFileListPaths = (
			);
			inputPaths = (
				"${PODS_PODFILE_DIR_PATH}/Podfile.lock",
				"${PODS_ROOT}/Manifest.lock",
			);
			name = "[CP] Check Pods Manifest.lock";
			outputFileListPaths = (
			);
			outputPaths = (
				"$(DERIVED_FILE_DIR)/Pods-LifeSpace-checkManifestLockResult.txt",
			);
			runOnlyForDeploymentPostprocessing = 0;
			shellPath = /bin/sh;
			shellScript = "diff \"${PODS_PODFILE_DIR_PATH}/Podfile.lock\" \"${PODS_ROOT}/Manifest.lock\" > /dev/null\nif [ $? != 0 ] ; then\n    # print error to STDERR\n    echo \"error: The sandbox is not in sync with the Podfile.lock. Run 'pod install' or update your CocoaPods installation.\" >&2\n    exit 1\nfi\n# This output is used by Xcode 'outputs' to avoid re-running this script phase.\necho \"SUCCESS\" > \"${SCRIPT_OUTPUT_FILE_0}\"\n";
			showEnvVarsInLog = 0;
		};
/* End PBXShellScriptBuildPhase section */

/* Begin PBXSourcesBuildPhase section */
		607FACCC1AFB9204008FA782 /* Sources */ = {
			isa = PBXSourcesBuildPhase;
			buildActionMask = 2147483647;
			files = (
				E2DF9F0A2500C9CE00A93B93 /* LoginViewController.swift in Sources */,
				27684BD5287EEBD500140840 /* LaunchUIView.swift in Sources */,
				63A143E1280F579E001A54BC /* PermissionLocationUIView.swift in Sources */,
				8E6E1E14253520440024B8DF /* PasscodeViewController.swift in Sources */,
				8EA6648725930B6B00B6A45A /* CKHealthRecordsStepViewController.swift in Sources */,
				8EA664AD2593380D00B6A45A /* SendRecordsView.swift in Sources */,
				8E0A43B3244A4A0400656518 /* TaskSamples.swift in Sources */,
				8E6E1E2225352C780024B8DF /* OnboardingUIView.swift in Sources */,
				8E6E1E1A253528450024B8DF /* WithdrawView.swift in Sources */,
				8E6E1E2E25353A1E0024B8DF /* StudyIDView.swift in Sources */,
				8E40DC042471E5940027536B /* CKNetworkManager.swift in Sources */,
				63A82392280DAF2F001D49A8 /* MapQuestionStep.swift in Sources */,
				8E9CDEBA2591843200C8A228 /* CKConfig.swift in Sources */,
				2F94C5F22536543600DF8866 /* SceneDelegate+CardinalKit.swift in Sources */,
				27A6A0222964D0CD00C5B5B9 /* OnboardingViewController+Coordinator.swift in Sources */,
				27C789642872366500B84177 /* StudyID.swift in Sources */,
				8E9CDFAE2592B79900C8A228 /* Metrics.swift in Sources */,
				2742D7C42871EFE2008B7578 /* SurveyRules.swift in Sources */,
				27653A13272A2E7700D74E83 /* LocalTaskListItemView.swift in Sources */,
				8E7FFFB425DCE9B7002982B4 /* CKUploadToGCPTaskViewControllerDelegate.swift in Sources */,
				8EBE6F9C24B3C0E60093D07C /* AppDelegate+CardinalKit.swift in Sources */,
				8E0A43B9244A4A0400656518 /* AppDelegate.swift in Sources */,
				27D1096F287DE9920094CFC4 /* LocationUtils.swift in Sources */,
				4F02D97B274871C300F203B5 /* LocationService.swift in Sources */,
				8E6E1E3225353ABE0024B8DF /* ProfileUIView.swift in Sources */,
				8E6E1E1E253528F50024B8DF /* SupportView.swift in Sources */,
				27B7891C284CE89F0006C02F /* TasksUIView.swift in Sources */,
				8E6E1E1C253528D70024B8DF /* ReportView.swift in Sources */,
				63A143DD280EDBA9001A54BC /* MapboxView.swift in Sources */,
				8E9CDEAD259170AD00C8A228 /* CKCareKitManager.swift in Sources */,
				27A6A0242964D2B500C5B5B9 /* LoginExistingUserViewController.swift in Sources */,
				8EA664892593213000B6A45A /* CKSendHelper.swift in Sources */,
				8E6E1E3425353AFE0024B8DF /* EmailHelper.swift in Sources */,
				63A82390280DAD49001D49A8 /* DailySurveyViewController.swift in Sources */,
				8E6E1E24253537580024B8DF /* MainUIView.swift in Sources */,
				8E6E1E182535263F0024B8DF /* CKTaskViewController.swift in Sources */,
				8E9CDF142591B73900C8A228 /* CKHealthRecordsManager.swift in Sources */,
				4F02D97D274871C800F203B5 /* NotificationFetcher.swift in Sources */,
				8EA664B42594387900B6A45A /* Errors.swift in Sources */,
				8E6E1E1225351F830024B8DF /* DocumentPreviewViewController.swift in Sources */,
				8E6E1E20253529760024B8DF /* DocumentView.swift in Sources */,
				2BF6451826C1D0040020C206 /* (null) in Sources */,
				27FCB9652834A828009B02CD /* HomeView.swift in Sources */,
				27B78918284CE8610006C02F /* LocalTaskItem.swift in Sources */,
				2B19DD9226FE1BEB00649CE1 /* JsonToSurvey.swift in Sources */,
				277DC91928355FC100C12FB2 /* CKReviewConsentDocument.swift in Sources */,
				63A143DF280F1AAD001A54BC /* DailySurveyStartButton.swift in Sources */,
				2BD5328326C2CC4E00C4636E /* CkResearchSurveysManager.swift in Sources */,
				8E6E1E2C253539AE0024B8DF /* ChangePasscodeView.swift in Sources */,
				8E0A43AD244A4A0400656518 /* Constants.swift in Sources */,
				8E0A43BE244A4A0400656518 /* CKHealthDataStepViewController.swift in Sources */,
				2BF6452026C1DBE70020C206 /* CK_ORKSerialization.swift in Sources */,
				277C3A0628A0215700533405 /* LifeSpaceConsent.swift in Sources */,
				27A6A0262964D33500C5B5B9 /* OnboardingViewController.swift in Sources */,
				4F02D979274871A200F203B5 /* LocationView.swift in Sources */,
				27B7891E284CE9260006C02F /* CloudTaskListItemView.swift in Sources */,
				27B7891A284CE86A0006C02F /* CloudTaskItem.swift in Sources */,
				8E0A43AE244A4A0400656518 /* ORKESerialization.m in Sources */,
				63A8239A280DD26E001D49A8 /* MapboxMap.swift in Sources */,
				63A823A1280DFCBF001D49A8 /* JHMapDataManager.swift in Sources */,
				D253D132250D1BDB00A363E4 /* CKSignInWithAppleStep.swift in Sources */,
				8E6E1E0D25351D8F0024B8DF /* PageViewController.swift in Sources */,
				277C39FE28A01C3500533405 /* PrivacyPolicyView.swift in Sources */,
				8E0A43AC244A4A0400656518 /* CKStudyUser.swift in Sources */,
				E2F1FD7624D61EDA006C39DF /* CKPropertyReader.swift in Sources */,
				8E6E1E1025351E890024B8DF /* Extensions+UIColor.swift in Sources */,
				E235077724F7082700CC1899 /* SceneDelegate.swift in Sources */,
				8E6E1E16253524500024B8DF /* WithdrawalViewController.swift in Sources */,
				2776F0E02888233A0060480C /* Extensions+String.swift in Sources */,
				8E6E1E2A2535398D0024B8DF /* HelpView.swift in Sources */,
				8E9CDED02591AC4A00C8A228 /* CKHealthKitManager.swift in Sources */,
				8E0A43C2244A4A0400656518 /* ConsentDocument.swift in Sources */,
			);
			runOnlyForDeploymentPostprocessing = 0;
		};
/* End PBXSourcesBuildPhase section */

/* Begin PBXVariantGroup section */
		8E0A4389244A4A0400656518 /* LaunchScreen.storyboard */ = {
			isa = PBXVariantGroup;
			children = (
				8E0A438A244A4A0400656518 /* Base */,
			);
			name = LaunchScreen.storyboard;
			sourceTree = "<group>";
		};
/* End PBXVariantGroup section */

/* Begin XCBuildConfiguration section */
		607FACED1AFB9204008FA782 /* Debug */ = {
			isa = XCBuildConfiguration;
			buildSettings = {
				ALWAYS_SEARCH_USER_PATHS = NO;
				CLANG_CXX_LANGUAGE_STANDARD = "gnu++0x";
				CLANG_CXX_LIBRARY = "libc++";
				CLANG_ENABLE_MODULES = YES;
				CLANG_ENABLE_OBJC_ARC = YES;
				CLANG_WARN_BLOCK_CAPTURE_AUTORELEASING = YES;
				CLANG_WARN_BOOL_CONVERSION = YES;
				CLANG_WARN_COMMA = YES;
				CLANG_WARN_CONSTANT_CONVERSION = YES;
				CLANG_WARN_DIRECT_OBJC_ISA_USAGE = YES_ERROR;
				CLANG_WARN_EMPTY_BODY = YES;
				CLANG_WARN_ENUM_CONVERSION = YES;
				CLANG_WARN_INFINITE_RECURSION = YES;
				CLANG_WARN_INT_CONVERSION = YES;
				CLANG_WARN_NON_LITERAL_NULL_CONVERSION = YES;
				CLANG_WARN_OBJC_LITERAL_CONVERSION = YES;
				CLANG_WARN_OBJC_ROOT_CLASS = YES_ERROR;
				CLANG_WARN_RANGE_LOOP_ANALYSIS = YES;
				CLANG_WARN_STRICT_PROTOTYPES = YES;
				CLANG_WARN_SUSPICIOUS_MOVE = YES;
				CLANG_WARN_UNREACHABLE_CODE = YES;
				CLANG_WARN__DUPLICATE_METHOD_MATCH = YES;
				"CODE_SIGN_IDENTITY[sdk=iphoneos*]" = "iPhone Developer";
				COPY_PHASE_STRIP = NO;
				DEBUG_INFORMATION_FORMAT = "dwarf-with-dsym";
				ENABLE_STRICT_OBJC_MSGSEND = YES;
				ENABLE_TESTABILITY = YES;
				GCC_C_LANGUAGE_STANDARD = gnu99;
				GCC_DYNAMIC_NO_PIC = NO;
				GCC_NO_COMMON_BLOCKS = YES;
				GCC_OPTIMIZATION_LEVEL = 0;
				GCC_PREPROCESSOR_DEFINITIONS = (
					"DEBUG=1",
					"$(inherited)",
				);
				GCC_SYMBOLS_PRIVATE_EXTERN = NO;
				GCC_WARN_64_TO_32_BIT_CONVERSION = YES;
				GCC_WARN_ABOUT_RETURN_TYPE = YES_ERROR;
				GCC_WARN_UNDECLARED_SELECTOR = YES;
				GCC_WARN_UNINITIALIZED_AUTOS = YES_AGGRESSIVE;
				GCC_WARN_UNUSED_FUNCTION = YES;
				GCC_WARN_UNUSED_VARIABLE = YES;
				IPHONEOS_DEPLOYMENT_TARGET = 13.0;
				MTL_ENABLE_DEBUG_INFO = YES;
				ONLY_ACTIVE_ARCH = YES;
				SDKROOT = iphoneos;
				SWIFT_OPTIMIZATION_LEVEL = "-Onone";
			};
			name = Debug;
		};
		607FACEE1AFB9204008FA782 /* Release */ = {
			isa = XCBuildConfiguration;
			buildSettings = {
				ALWAYS_SEARCH_USER_PATHS = NO;
				CLANG_CXX_LANGUAGE_STANDARD = "gnu++0x";
				CLANG_CXX_LIBRARY = "libc++";
				CLANG_ENABLE_MODULES = YES;
				CLANG_ENABLE_OBJC_ARC = YES;
				CLANG_WARN_BLOCK_CAPTURE_AUTORELEASING = YES;
				CLANG_WARN_BOOL_CONVERSION = YES;
				CLANG_WARN_COMMA = YES;
				CLANG_WARN_CONSTANT_CONVERSION = YES;
				CLANG_WARN_DIRECT_OBJC_ISA_USAGE = YES_ERROR;
				CLANG_WARN_EMPTY_BODY = YES;
				CLANG_WARN_ENUM_CONVERSION = YES;
				CLANG_WARN_INFINITE_RECURSION = YES;
				CLANG_WARN_INT_CONVERSION = YES;
				CLANG_WARN_NON_LITERAL_NULL_CONVERSION = YES;
				CLANG_WARN_OBJC_LITERAL_CONVERSION = YES;
				CLANG_WARN_OBJC_ROOT_CLASS = YES_ERROR;
				CLANG_WARN_RANGE_LOOP_ANALYSIS = YES;
				CLANG_WARN_STRICT_PROTOTYPES = YES;
				CLANG_WARN_SUSPICIOUS_MOVE = YES;
				CLANG_WARN_UNREACHABLE_CODE = YES;
				CLANG_WARN__DUPLICATE_METHOD_MATCH = YES;
				"CODE_SIGN_IDENTITY[sdk=iphoneos*]" = "iPhone Developer";
				COPY_PHASE_STRIP = NO;
				DEBUG_INFORMATION_FORMAT = "dwarf-with-dsym";
				ENABLE_NS_ASSERTIONS = NO;
				ENABLE_STRICT_OBJC_MSGSEND = YES;
				GCC_C_LANGUAGE_STANDARD = gnu99;
				GCC_NO_COMMON_BLOCKS = YES;
				GCC_WARN_64_TO_32_BIT_CONVERSION = YES;
				GCC_WARN_ABOUT_RETURN_TYPE = YES_ERROR;
				GCC_WARN_UNDECLARED_SELECTOR = YES;
				GCC_WARN_UNINITIALIZED_AUTOS = YES_AGGRESSIVE;
				GCC_WARN_UNUSED_FUNCTION = YES;
				GCC_WARN_UNUSED_VARIABLE = YES;
				IPHONEOS_DEPLOYMENT_TARGET = 13.0;
				MTL_ENABLE_DEBUG_INFO = NO;
				SDKROOT = iphoneos;
				SWIFT_COMPILATION_MODE = wholemodule;
				SWIFT_OPTIMIZATION_LEVEL = "-O";
				VALIDATE_PRODUCT = YES;
			};
			name = Release;
		};
		607FACF01AFB9204008FA782 /* Debug */ = {
			isa = XCBuildConfiguration;
			baseConfigurationReference = AB363D15FB7C218C661A6E6F /* Pods-LifeSpace.debug.xcconfig */;
			buildSettings = {
				ASSETCATALOG_COMPILER_APPICON_NAME = AppIcon;
				CLANG_ENABLE_MODULES = YES;
				CODE_SIGN_ENTITLEMENTS = LifeSpace.entitlements;
				CURRENT_PROJECT_VERSION = 1;
				DEVELOPMENT_TEAM = "";
				INFOPLIST_FILE = "CardinalKit/Supporting Files/Info.plist";
				IPHONEOS_DEPLOYMENT_TARGET = 14.3;
				LD_RUNPATH_SEARCH_PATHS = (
					"$(inherited)",
					"@executable_path/Frameworks",
				);
				MARKETING_VERSION = 1.0.0;
				MODULE_NAME = ExampleApp;
				PRODUCT_BUNDLE_IDENTIFIER = edu.stanford.lifespace;
				PRODUCT_NAME = LifeSpace;
				SWIFT_OBJC_BRIDGING_HEADER = "CardinalKit/Supporting Files/LifeSpace-Bridging-Header.h";
				SWIFT_OPTIMIZATION_LEVEL = "-Onone";
				SWIFT_SWIFT3_OBJC_INFERENCE = Default;
				SWIFT_VERSION = 4.2;
			};
			name = Debug;
		};
		607FACF11AFB9204008FA782 /* Release */ = {
			isa = XCBuildConfiguration;
			baseConfigurationReference = D205F35186F37B767D4ED303 /* Pods-LifeSpace.release.xcconfig */;
			buildSettings = {
				ASSETCATALOG_COMPILER_APPICON_NAME = AppIcon;
				CLANG_ENABLE_MODULES = YES;
				CODE_SIGN_ENTITLEMENTS = LifeSpace.entitlements;
				CURRENT_PROJECT_VERSION = 1;
				DEVELOPMENT_TEAM = "";
				INFOPLIST_FILE = "CardinalKit/Supporting Files/Info.plist";
				IPHONEOS_DEPLOYMENT_TARGET = 14.3;
				LD_RUNPATH_SEARCH_PATHS = (
					"$(inherited)",
					"@executable_path/Frameworks",
				);
				MARKETING_VERSION = 1.0.0;
				MODULE_NAME = ExampleApp;
				PRODUCT_BUNDLE_IDENTIFIER = edu.stanford.lifespace;
				PRODUCT_NAME = LifeSpace;
				SWIFT_OBJC_BRIDGING_HEADER = "CardinalKit/Supporting Files/LifeSpace-Bridging-Header.h";
				SWIFT_SWIFT3_OBJC_INFERENCE = Default;
				SWIFT_VERSION = 4.2;
			};
			name = Release;
		};
/* End XCBuildConfiguration section */

/* Begin XCConfigurationList section */
		607FACCB1AFB9204008FA782 /* Build configuration list for PBXProject "LifeSpace" */ = {
			isa = XCConfigurationList;
			buildConfigurations = (
				607FACED1AFB9204008FA782 /* Debug */,
				607FACEE1AFB9204008FA782 /* Release */,
			);
			defaultConfigurationIsVisible = 0;
			defaultConfigurationName = Release;
		};
		607FACEF1AFB9204008FA782 /* Build configuration list for PBXNativeTarget "LifeSpace" */ = {
			isa = XCConfigurationList;
			buildConfigurations = (
				607FACF01AFB9204008FA782 /* Debug */,
				607FACF11AFB9204008FA782 /* Release */,
			);
			defaultConfigurationIsVisible = 0;
			defaultConfigurationName = Release;
		};
/* End XCConfigurationList section */

/* Begin XCRemoteSwiftPackageReference section */
		8E9CDE8F2591534B00C8A228 /* XCRemoteSwiftPackageReference "CareKit" */ = {
			isa = XCRemoteSwiftPackageReference;
			repositoryURL = "https://github.com/carekit-apple/CareKit";
			requirement = {
				branch = main;
				kind = branch;
			};
		};
/* End XCRemoteSwiftPackageReference section */

/* Begin XCSwiftPackageProductDependency section */
		8E9CDE922591534B00C8A228 /* CareKitFHIR */ = {
			isa = XCSwiftPackageProductDependency;
			package = 8E9CDE8F2591534B00C8A228 /* XCRemoteSwiftPackageReference "CareKit" */;
			productName = CareKitFHIR;
		};
		8E9CDE942591534B00C8A228 /* CareKit */ = {
			isa = XCSwiftPackageProductDependency;
			package = 8E9CDE8F2591534B00C8A228 /* XCRemoteSwiftPackageReference "CareKit" */;
			productName = CareKit;
		};
		8E9CDE962591534B00C8A228 /* CareKitUI */ = {
			isa = XCSwiftPackageProductDependency;
			package = 8E9CDE8F2591534B00C8A228 /* XCRemoteSwiftPackageReference "CareKit" */;
			productName = CareKitUI;
		};
/* End XCSwiftPackageProductDependency section */
	};
	rootObject = 607FACC81AFB9204008FA782 /* Project object */;
}
